
Microsoft Visual Studio Solution File, Format Version 12.00
# Visual Studio Version 16
VisualStudioVersion = 16.0.30907.101
MinimumVisualStudioVersion = 10.0.40219.1
Project("{2150E333-8FDC-42A3-9474-1A3956D46DE8}") = "Solution Items", "Solution Items", "{26B7E7DB-A0EC-4DC1-816A-28FCDD1D34AF}"
	ProjectSection(SolutionItems) = preProject
		Directory.Build.props = Directory.Build.props
		memo.txt = memo.txt
	EndProjectSection
EndProject
Project("{9A19103F-16F7-4668-BE54-9A1E7A4F7556}") = "NacHelpers", "..\Modules\NacHelper\NacHelpers\NacHelpers.csproj", "{1794604B-BD31-4AC2-9DE3-AD8230F34FE0}"
EndProject
Project("{2150E333-8FDC-42A3-9474-1A3956D46DE8}") = "Modules", "Modules", "{A9843142-9F22-47C7-8806-BDF42341BD6F}"
EndProject
Project("{2150E333-8FDC-42A3-9474-1A3956D46DE8}") = "Core", "Core", "{7944C2AB-1F69-4E21-918D-97AAA932A36C}"
EndProject
Project("{2150E333-8FDC-42A3-9474-1A3956D46DE8}") = "Publish", "Publish", "{EB979288-B30F-4884-8857-4EBD8EBCBCEC}"
EndProject
Project("{2150E333-8FDC-42A3-9474-1A3956D46DE8}") = "Test", "Test", "{80323930-0C4E-4AAF-A046-A81228D346C2}"
EndProject
Project("{9A19103F-16F7-4668-BE54-9A1E7A4F7556}") = "Deptorygen2.Core", "Core\Deptorygen2.Core\Deptorygen2.Core.csproj", "{BAECC3AC-F93E-4F2A-9716-9B51AD9E2AB0}"
EndProject
Project("{9A19103F-16F7-4668-BE54-9A1E7A4F7556}") = "Deptorygen2.TestSubject", "Test\Deptorygen2.TestSubject\Deptorygen2.TestSubject.csproj", "{C3361A86-4C36-4B73-B8C8-218DAEF133F5}"
EndProject
Project("{9A19103F-16F7-4668-BE54-9A1E7A4F7556}") = "Deptorygen2.Generator", "Interfaces\Deptorygen2.Generator\Deptorygen2.Generator.csproj", "{45CB7EEE-6E57-406F-8919-4C22E2A245AF}"
EndProject
Project("{9A19103F-16F7-4668-BE54-9A1E7A4F7556}") = "Deptorygen2.Annotations", "Interfaces\Deptorygen2.Annotations\Deptorygen2.Annotations.csproj", "{F6A58F56-1E11-48F0-BAE2-6D223BB8DB0A}"
EndProject
Global
	GlobalSection(SolutionConfigurationPlatforms) = preSolution
		Debug|Any CPU = Debug|Any CPU
		Debug|x64 = Debug|x64
		Release|Any CPU = Release|Any CPU
		Release|x64 = Release|x64
	EndGlobalSection
	GlobalSection(ProjectConfigurationPlatforms) = postSolution
		{1794604B-BD31-4AC2-9DE3-AD8230F34FE0}.Debug|Any CPU.ActiveCfg = Debug|Any CPU
		{1794604B-BD31-4AC2-9DE3-AD8230F34FE0}.Debug|Any CPU.Build.0 = Debug|Any CPU
		{1794604B-BD31-4AC2-9DE3-AD8230F34FE0}.Debug|x64.ActiveCfg = Debug|x64
		{1794604B-BD31-4AC2-9DE3-AD8230F34FE0}.Debug|x64.Build.0 = Debug|x64
		{1794604B-BD31-4AC2-9DE3-AD8230F34FE0}.Release|Any CPU.ActiveCfg = Release|Any CPU
		{1794604B-BD31-4AC2-9DE3-AD8230F34FE0}.Release|Any CPU.Build.0 = Release|Any CPU
		{1794604B-BD31-4AC2-9DE3-AD8230F34FE0}.Release|x64.ActiveCfg = Release|x64
		{1794604B-BD31-4AC2-9DE3-AD8230F34FE0}.Release|x64.Build.0 = Release|x64
		{BAECC3AC-F93E-4F2A-9716-9B51AD9E2AB0}.Debug|Any CPU.ActiveCfg = Debug|Any CPU
		{BAECC3AC-F93E-4F2A-9716-9B51AD9E2AB0}.Debug|Any CPU.Build.0 = Debug|Any CPU
		{BAECC3AC-F93E-4F2A-9716-9B51AD9E2AB0}.Debug|x64.ActiveCfg = Debug|Any CPU
		{BAECC3AC-F93E-4F2A-9716-9B51AD9E2AB0}.Debug|x64.Build.0 = Debug|Any CPU
		{BAECC3AC-F93E-4F2A-9716-9B51AD9E2AB0}.Release|Any CPU.ActiveCfg = Release|Any CPU
		{BAECC3AC-F93E-4F2A-9716-9B51AD9E2AB0}.Release|Any CPU.Build.0 = Release|Any CPU
		{BAECC3AC-F93E-4F2A-9716-9B51AD9E2AB0}.Release|x64.ActiveCfg = Release|Any CPU
		{BAECC3AC-F93E-4F2A-9716-9B51AD9E2AB0}.Release|x64.Build.0 = Release|Any CPU
		{C3361A86-4C36-4B73-B8C8-218DAEF133F5}.Debug|Any CPU.ActiveCfg = Debug|Any CPU
		{C3361A86-4C36-4B73-B8C8-218DAEF133F5}.Debug|Any CPU.Build.0 = Debug|Any CPU
		{C3361A86-4C36-4B73-B8C8-218DAEF133F5}.Debug|x64.ActiveCfg = Debug|Any CPU
		{C3361A86-4C36-4B73-B8C8-218DAEF133F5}.Debug|x64.Build.0 = Debug|Any CPU
		{C3361A86-4C36-4B73-B8C8-218DAEF133F5}.Release|Any CPU.ActiveCfg = Release|Any CPU
		{C3361A86-4C36-4B73-B8C8-218DAEF133F5}.Release|Any CPU.Build.0 = Release|Any CPU
		{C3361A86-4C36-4B73-B8C8-218DAEF133F5}.Release|x64.ActiveCfg = Release|Any CPU
		{C3361A86-4C36-4B73-B8C8-218DAEF133F5}.Release|x64.Build.0 = Release|Any CPU
		{45CB7EEE-6E57-406F-8919-4C22E2A245AF}.Debug|Any CPU.ActiveCfg = Debug|Any CPU
		{45CB7EEE-6E57-406F-8919-4C22E2A245AF}.Debug|Any CPU.Build.0 = Debug|Any CPU
		{45CB7EEE-6E57-406F-8919-4C22E2A245AF}.Debug|x64.ActiveCfg = Debug|Any CPU
		{45CB7EEE-6E57-406F-8919-4C22E2A245AF}.Debug|x64.Build.0 = Debug|Any CPU
		{45CB7EEE-6E57-406F-8919-4C22E2A245AF}.Release|Any CPU.ActiveCfg = Release|Any CPU
		{45CB7EEE-6E57-406F-8919-4C22E2A245AF}.Release|Any CPU.Build.0 = Release|Any CPU
		{45CB7EEE-6E57-406F-8919-4C22E2A245AF}.Release|x64.ActiveCfg = Release|Any CPU
		{45CB7EEE-6E57-406F-8919-4C22E2A245AF}.Release|x64.Build.0 = Release|Any CPU
		{F6A58F56-1E11-48F0-BAE2-6D223BB8DB0A}.Debug|Any CPU.ActiveCfg = Debug|Any CPU
		{F6A58F56-1E11-48F0-BAE2-6D223BB8DB0A}.Debug|Any CPU.Build.0 = Debug|Any CPU
		{F6A58F56-1E11-48F0-BAE2-6D223BB8DB0A}.Debug|x64.ActiveCfg = Debug|Any CPU
		{F6A58F56-1E11-48F0-BAE2-6D223BB8DB0A}.Debug|x64.Build.0 = Debug|Any CPU
		{F6A58F56-1E11-48F0-BAE2-6D223BB8DB0A}.Release|Any CPU.ActiveCfg = Release|Any CPU
		{F6A58F56-1E11-48F0-BAE2-6D223BB8DB0A}.Release|Any CPU.Build.0 = Release|Any CPU
		{F6A58F56-1E11-48F0-BAE2-6D223BB8DB0A}.Release|x64.ActiveCfg = Release|Any CPU
		{F6A58F56-1E11-48F0-BAE2-6D223BB8DB0A}.Release|x64.Build.0 = Release|Any CPU
	EndGlobalSection
	GlobalSection(SolutionProperties) = preSolution
		HideSolutionNode = FALSE
	EndGlobalSection
	GlobalSection(NestedProjects) = preSolution
		{1794604B-BD31-4AC2-9DE3-AD8230F34FE0} = {A9843142-9F22-47C7-8806-BDF42341BD6F}
		{BAECC3AC-F93E-4F2A-9716-9B51AD9E2AB0} = {7944C2AB-1F69-4E21-918D-97AAA932A36C}
		{C3361A86-4C36-4B73-B8C8-218DAEF133F5} = {80323930-0C4E-4AAF-A046-A81228D346C2}
		{45CB7EEE-6E57-406F-8919-4C22E2A245AF} = {EB979288-B30F-4884-8857-4EBD8EBCBCEC}
		{F6A58F56-1E11-48F0-BAE2-6D223BB8DB0A} = {EB979288-B30F-4884-8857-4EBD8EBCBCEC}
	EndGlobalSection
	GlobalSection(ExtensibilityGlobals) = postSolution
		SolutionGuid = {2B35888E-D7BD-4F06-BB52-E53B4BC7E766}
	EndGlobalSection
EndGlobal
